// !$*UTF8*$!
{ archiveVersion = 1; classes = {}; objectVersion = 56; objects = {
D9E0CAC5702EF9D1396AF974 = { isa = PBXFileReference; lastKnownFileType = sourcecode.swift; path = "Sources/MacAttachments.swift"; sourceTree = SOURCE_ROOT; };
2886837E635FC8D18AD58D78 = { isa = PBXBuildFile; fileRef = D9E0CAC5702EF9D1396AF974; };
9DD6F6A9229DE196012333A9 = { isa = PBXFileReference; lastKnownFileType = sourcecode.swift; path = "Sources/MacBoards.swift"; sourceTree = SOURCE_ROOT; };
72050034A0EF26DA1A0DFB3E = { isa = PBXBuildFile; fileRef = 9DD6F6A9229DE196012333A9; };
705ABF3C76CEC2ED9993F5C2 = { isa = PBXFileReference; lastKnownFileType = sourcecode.swift; path = "Sources/MacChat.swift"; sourceTree = SOURCE_ROOT; };
F031FAFF3D30C485763CB329 = { isa = PBXBuildFile; fileRef = 705ABF3C76CEC2ED9993F5C2; };
B15004CB01222B5BD5232B2E = { isa = PBXFileReference; lastKnownFileType = sourcecode.swift; path = "Sources/MacContacts.swift"; sourceTree = SOURCE_ROOT; };
3E0578BBF6450B74A8D0E316 = { isa = PBXBuildFile; fileRef = B15004CB01222B5BD5232B2E; };
8C3881839972698D91AD0E91 = { isa = PBXFileReference; lastKnownFileType = sourcecode.swift; path = "Sources/MacDevotional.swift"; sourceTree = SOURCE_ROOT; };
F76B58F92CB7365EEE2A7B17 = { isa = PBXBuildFile; fileRef = 8C3881839972698D91AD0E91; };
D1F758E32512AA80DA51CF0A = { isa = PBXFileReference; lastKnownFileType = sourcecode.swift; path = "Sources/MacEditors.swift"; sourceTree = SOURCE_ROOT; };
16D3D6448BB4D71D65E987E5 = { isa = PBXBuildFile; fileRef = D1F758E32512AA80DA51CF0A; };
CA3DE698D450D70D33977BEF = { isa = PBXFileReference; lastKnownFileType = sourcecode.swift; path = "Sources/MacEvents.swift"; sourceTree = SOURCE_ROOT; };
3B33877ACF94EDCD946BED29 = { isa = PBXBuildFile; fileRef = CA3DE698D450D70D33977BEF; };
537D336DF0E8E7D598E8BFFB = { isa = PBXFileReference; lastKnownFileType = sourcecode.swift; path = "Sources/MacInbox.swift"; sourceTree = SOURCE_ROOT; };
993EE981C5FFB94AA28DA68D = { isa = PBXBuildFile; fileRef = 537D336DF0E8E7D598E8BFFB; };
9A608FE9A726AA1861C82AC7 = { isa = PBXFileReference; lastKnownFileType = sourcecode.swift; path = "Sources/MacNWCWallet.swift"; sourceTree = SOURCE_ROOT; };
1CAB45E9D1B39DCF6E74C420 = { isa = PBXBuildFile; fileRef = 9A608FE9A726AA1861C82AC7; };
E00F1A117D10CFD5C360D25B = { isa = PBXFileReference; lastKnownFileType = sourcecode.swift; path = "Sources/MacPrinting.swift"; sourceTree = SOURCE_ROOT; };
7850E5035F3DEA8ECFB0559D = { isa = PBXBuildFile; fileRef = E00F1A117D10CFD5C360D25B; };
E0A103BA6B0CE23F6E3F440D = { isa = PBXFileReference; lastKnownFileType = sourcecode.swift; path = "Sources/MacQRCode.swift"; sourceTree = SOURCE_ROOT; };
684A8A23B8B1CA49D12FAAA6 = { isa = PBXBuildFile; fileRef = E0A103BA6B0CE23F6E3F440D; };
6353BB1C0AA0839E14918C62 = { isa = PBXFileReference; lastKnownFileType = sourcecode.swift; path = "Sources/MacSettings.swift"; sourceTree = SOURCE_ROOT; };
AC4F7024FBECDD093CDA0DE2 = { isa = PBXBuildFile; fileRef = 6353BB1C0AA0839E14918C62; };
157FAC7DFDFF920A862973A5 = { isa = PBXFileReference; lastKnownFileType = sourcecode.swift; path = "Sources/MacWallet.swift"; sourceTree = SOURCE_ROOT; };
CE9551BBC3E249EE73F3D295 = { isa = PBXBuildFile; fileRef = 157FAC7DFDFF920A862973A5; };
541B904F0DBCDA111383AEFC = { isa = PBXFileReference; lastKnownFileType = sourcecode.swift; path = "Sources/MacWalletAdvanced.swift"; sourceTree = SOURCE_ROOT; };
22CCE75F63E273FEFD734247 = { isa = PBXBuildFile; fileRef = 541B904F0DBCDA111383AEFC; };
D8AA19F713BDF51170801CEC = { isa = PBXFileReference; lastKnownFileType = sourcecode.swift; path = "Sources/MacWorkspace.swift"; sourceTree = SOURCE_ROOT; };
AF5D471932CF6073A39A5737 = { isa = PBXBuildFile; fileRef = D8AA19F713BDF51170801CEC; };
69264B888EA2497B0B60E521 = { isa = PBXFileReference; lastKnownFileType = sourcecode.swift; path = "Sources/Presentation/MacPaymentRequestMintSelection.swift"; sourceTree = SOURCE_ROOT; };
93B8537232B0DFE69330B900 = { isa = PBXBuildFile; fileRef = 69264B888EA2497B0B60E521; };
4232556296F33A5BA1F35494 = { isa = PBXFileReference; lastKnownFileType = sourcecode.swift; path = "Sources/Presentation/MacRecurrenceBuilder.swift"; sourceTree = SOURCE_ROOT; };
8A330E79F0DF7A29F33D134F = { isa = PBXBuildFile; fileRef = 4232556296F33A5BA1F35494; };
5B0EB3701706D2A7EEC840FB = { isa = PBXFileReference; lastKnownFileType = sourcecode.swift; path = "Sources/Presentation/MacTaskDraft.swift"; sourceTree = SOURCE_ROOT; };
EAF05FE0CEA051950ADADA95 = { isa = PBXBuildFile; fileRef = 5B0EB3701706D2A7EEC840FB; };
77AA1D53F35248FE18B29C41 = { isa = PBXFileReference; lastKnownFileType = sourcecode.swift; path = "Sources/Presentation/MacWalletOutcome.swift"; sourceTree = SOURCE_ROOT; };
B4D19DF97E7C70EF25B18E23 = { isa = PBXBuildFile; fileRef = 77AA1D53F35248FE18B29C41; };
3F50AE1E340661B81C0BCF68 = { isa = PBXFileReference; lastKnownFileType = sourcecode.swift; path = "Sources/TaskifyMacApp.swift"; sourceTree = SOURCE_ROOT; };
93D128C359611472223E8CE7 = { isa = PBXBuildFile; fileRef = 3F50AE1E340661B81C0BCF68; };
F0EB0595A23CA48343E69567 = { isa = PBXFileReference; lastKnownFileType = sourcecode.swift; path = "../taskify-ios-native/Sources/TaskifyApp/App/AppModel.swift"; sourceTree = SOURCE_ROOT; };
56BD918F915229F22D7EABA5 = { isa = PBXBuildFile; fileRef = F0EB0595A23CA48343E69567; };
A0ACCB2698114F6A95AC60CF = { isa = PBXFileReference; lastKnownFileType = sourcecode.swift; path = "../taskify-ios-native/Sources/TaskifyApp/App/FastingRemindersSettings.swift"; sourceTree = SOURCE_ROOT; };
B0F590C99A5B30F37EA90AD2 = { isa = PBXBuildFile; fileRef = A0ACCB2698114F6A95AC60CF; };
1A4AB90511371643E581495A = { isa = PBXFileReference; lastKnownFileType = sourcecode.swift; path = "../taskify-ios-native/Sources/TaskifyApp/App/ScriptureMemorySettings.swift"; sourceTree = SOURCE_ROOT; };
C7C09B72F2E238FB80C49A16 = { isa = PBXBuildFile; fileRef = 1A4AB90511371643E581495A; };
2A2AD0BCDE3921EB2E43B1C5 = { isa = PBXFileReference; lastKnownFileType = sourcecode.swift; path = "../taskify-ios-native/Sources/TaskifyApp/App/TaskStreakSettings.swift"; sourceTree = SOURCE_ROOT; };
7DFCC97144E9E33AB21F0CF7 = { isa = PBXBuildFile; fileRef = 2A2AD0BCDE3921EB2E43B1C5; };
D9314442351ACB1AD9D07B0D = { isa = PBXFileReference; lastKnownFileType = sourcecode.swift; path = "../taskify-ios-native/Sources/TaskifyApp/App/TaskOrderingSettings.swift"; sourceTree = SOURCE_ROOT; };
50A94D70EB9DB0F24F179F96 = { isa = PBXBuildFile; fileRef = D9314442351ACB1AD9D07B0D; };
37570B2CC8BBDFEC6075EC89 = { isa = PBXFileReference; lastKnownFileType = sourcecode.swift; path = "../taskify-ios-native/Sources/TaskifyApp/App/StartupViewSettings.swift"; sourceTree = SOURCE_ROOT; };
A3ACDD7AA6B4A3D777AD4654 = { isa = PBXBuildFile; fileRef = 37570B2CC8BBDFEC6075EC89; };
E2F3CB8B0FB3F1BAB1D198A1 = { isa = PBXFileReference; lastKnownFileType = sourcecode.swift; path = "../taskify-ios-native/Sources/TaskifyApp/App/OnboardingSettings.swift"; sourceTree = SOURCE_ROOT; };
CC987BD21F47790E025CB7C4 = { isa = PBXBuildFile; fileRef = E2F3CB8B0FB3F1BAB1D198A1; };
1499349E4DB29C3432385586 = { isa = PBXFileReference; lastKnownFileType = sourcecode.swift; path = "../taskify-ios-native/Sources/TaskifyApp/App/NpubCashSettings.swift"; sourceTree = SOURCE_ROOT; };
640EB145242394E16AC2666D = { isa = PBXBuildFile; fileRef = 1499349E4DB29C3432385586; };
2CEAE96C394B25CDD833372F = { isa = PBXFileReference; lastKnownFileType = sourcecode.swift; path = "../taskify-ios-native/Sources/TaskifyApp/Security/KeychainIdentityStore.swift"; sourceTree = SOURCE_ROOT; };
51BB93944C3C317F9D909560 = { isa = PBXBuildFile; fileRef = 2CEAE96C394B25CDD833372F; };
F8CD8DBBF61594DA36B5CDA5 = { isa = PBXFileReference; lastKnownFileType = sourcecode.swift; path = "../taskify-ios-native/Sources/TaskifyApp/Features/Wallet/WalletView.swift"; sourceTree = SOURCE_ROOT; };
E6FD00CB9FC6CBED9CD63578 = { isa = PBXBuildFile; fileRef = F8CD8DBBF61594DA36B5CDA5; };
FFF85732F1B5C5F4D232AD22 = { isa = PBXFileReference; lastKnownFileType = sourcecode.swift; path = "../taskify-ios-native/Sources/TaskifyApp/Features/Wallet/WalletViewModel+NWC.swift"; sourceTree = SOURCE_ROOT; };
826A7911B163FC1BF4C70E9C = { isa = PBXBuildFile; fileRef = FFF85732F1B5C5F4D232AD22; };
2F5437485102E91409C92A6D = { isa = PBXFileReference; lastKnownFileType = sourcecode.swift; path = "../taskify-ios-native/Sources/TaskifyApp/Features/Boards/BibleTrackerStore.swift"; sourceTree = SOURCE_ROOT; };
CDEDA2BEBAFC441E4A343396 = { isa = PBXBuildFile; fileRef = 2F5437485102E91409C92A6D; };
46EC96D35AC7DD6D5BBF4426 = { isa = PBXFileReference; lastKnownFileType = sourcecode.swift; path = "../taskify-ios-native/Sources/TaskifyApp/Features/Upcoming/DeviceCalendarStore.swift"; sourceTree = SOURCE_ROOT; };
199C821ACE37264772A2EBBE = { isa = PBXBuildFile; fileRef = 46EC96D35AC7DD6D5BBF4426; };
BBD5C2508C1B01ADB016E026 = { isa = PBXFileReference; lastKnownFileType = sourcecode.swift; path = "../taskify-ios-native/Sources/TaskifyApp/Features/Tasks/TaskAttachmentUploadService.swift"; sourceTree = SOURCE_ROOT; };
4999CB477ED23029D65D9DB1 = { isa = PBXBuildFile; fileRef = BBD5C2508C1B01ADB016E026; };
0F55004FEAAC854CE16C18EF = { isa = PBXFileReference; lastKnownFileType = sourcecode.swift; path = "../taskify-ios-native/Sources/TaskifyApp/Notifications/TaskNotificationCoordinator.swift"; sourceTree = SOURCE_ROOT; };
173B47A6F35C2F6D812412F0 = { isa = PBXBuildFile; fileRef = 0F55004FEAAC854CE16C18EF; };
1E4D3E73179A872CBEC09E89 = { isa = PBXFileReference; lastKnownFileType = sourcecode.swift; path = "../taskify-ios-native/Sources/TaskifyApp/Notifications/DMPushNotificationCoordinator.swift"; sourceTree = SOURCE_ROOT; };
AD6605B633A2439E87E8195A = { isa = PBXBuildFile; fileRef = 1E4D3E73179A872CBEC09E89; };
A8792157CB4F27FB949C035F = { isa = PBXFileReference; explicitFileType = wrapper.application; path = Taskify.app; sourceTree = BUILT_PRODUCTS_DIR; };
F4388D18203A2AE8360EDE90 = { isa = PBXFileReference; lastKnownFileType = image.icns; path = "Taskify.icns"; sourceTree = SOURCE_ROOT; };
860BD02C0086CCBC215E6649 = { isa = PBXBuildFile; fileRef = F4388D18203A2AE8360EDE90; };
F9FDBA59F902D0CA3ADF101C = { isa = PBXFileReference; lastKnownFileType = text; path = "../taskify-ios-native/Sources/TaskifyApp/Resources/ThirdPartyNotices.txt"; sourceTree = SOURCE_ROOT; };
00E5BB7D930370F1213F3159 = { isa = PBXBuildFile; fileRef = F9FDBA59F902D0CA3ADF101C; };
AD936FCBED631FA67E05C3EA = { isa = PBXGroup; children = (D9E0CAC5702EF9D1396AF974,9DD6F6A9229DE196012333A9,705ABF3C76CEC2ED9993F5C2,B15004CB01222B5BD5232B2E,8C3881839972698D91AD0E91,D1F758E32512AA80DA51CF0A,CA3DE698D450D70D33977BEF,537D336DF0E8E7D598E8BFFB,9A608FE9A726AA1861C82AC7,E00F1A117D10CFD5C360D25B,E0A103BA6B0CE23F6E3F440D,6353BB1C0AA0839E14918C62,157FAC7DFDFF920A862973A5,541B904F0DBCDA111383AEFC,D8AA19F713BDF51170801CEC,69264B888EA2497B0B60E521,4232556296F33A5BA1F35494,5B0EB3701706D2A7EEC840FB,77AA1D53F35248FE18B29C41,3F50AE1E340661B81C0BCF68,F0EB0595A23CA48343E69567,A0ACCB2698114F6A95AC60CF,1A4AB90511371643E581495A,2A2AD0BCDE3921EB2E43B1C5,D9314442351ACB1AD9D07B0D,37570B2CC8BBDFEC6075EC89,E2F3CB8B0FB3F1BAB1D198A1,1499349E4DB29C3432385586,2CEAE96C394B25CDD833372F,F8CD8DBBF61594DA36B5CDA5,FFF85732F1B5C5F4D232AD22,2F5437485102E91409C92A6D,46EC96D35AC7DD6D5BBF4426,BBD5C2508C1B01ADB016E026,0F55004FEAAC854CE16C18EF,1E4D3E73179A872CBEC09E89,F4388D18203A2AE8360EDE90,F9FDBA59F902D0CA3ADF101C,A8792157CB4F27FB949C035F); sourceTree = "<group>"; };
878A52FC5FF6A57D50B7B870 = { isa = PBXSourcesBuildPhase; buildActionMask = 2147483647; files = (2886837E635FC8D18AD58D78,72050034A0EF26DA1A0DFB3E,F031FAFF3D30C485763CB329,3E0578BBF6450B74A8D0E316,F76B58F92CB7365EEE2A7B17,16D3D6448BB4D71D65E987E5,3B33877ACF94EDCD946BED29,993EE981C5FFB94AA28DA68D,1CAB45E9D1B39DCF6E74C420,7850E5035F3DEA8ECFB0559D,684A8A23B8B1CA49D12FAAA6,AC4F7024FBECDD093CDA0DE2,CE9551BBC3E249EE73F3D295,22CCE75F63E273FEFD734247,AF5D471932CF6073A39A5737,93B8537232B0DFE69330B900,8A330E79F0DF7A29F33D134F,EAF05FE0CEA051950ADADA95,B4D19DF97E7C70EF25B18E23,93D128C359611472223E8CE7,56BD918F915229F22D7EABA5,B0F590C99A5B30F37EA90AD2,C7C09B72F2E238FB80C49A16,7DFCC97144E9E33AB21F0CF7,50A94D70EB9DB0F24F179F96,A3ACDD7AA6B4A3D777AD4654,CC987BD21F47790E025CB7C4,640EB145242394E16AC2666D,51BB93944C3C317F9D909560,E6FD00CB9FC6CBED9CD63578,826A7911B163FC1BF4C70E9C,CDEDA2BEBAFC441E4A343396,199C821ACE37264772A2EBBE,4999CB477ED23029D65D9DB1,173B47A6F35C2F6D812412F0,AD6605B633A2439E87E8195A); runOnlyForDeploymentPostprocessing = 0; };
BC4A71180870F7945155FBB0 = { isa = XCLocalSwiftPackageReference; relativePath = "../taskify-ios-native"; };
453BB4D9F2B38C95C8C2AC98 = { isa = XCSwiftPackageProductDependency; productName = TaskifyCore; };
B376D2CB6FAEF7D02B19B513 = { isa = PBXBuildFile; productRef = 453BB4D9F2B38C95C8C2AC98; };
7161956CCDE903BD1D4CE915 = { isa = XCSwiftPackageProductDependency; productName = TaskifyWatchShared; };
A581BC9BA525C3054AD899BD = { isa = PBXBuildFile; productRef = 7161956CCDE903BD1D4CE915; };
E2AA269EB967A8853A258BFA = { isa = PBXFrameworksBuildPhase; buildActionMask = 2147483647; files = (B376D2CB6FAEF7D02B19B513,A581BC9BA525C3054AD899BD); runOnlyForDeploymentPostprocessing = 0; };
41D311A605520FC7B8B9A980 = { isa = PBXResourcesBuildPhase; buildActionMask = 2147483647; files = (860BD02C0086CCBC215E6649,00E5BB7D930370F1213F3159); runOnlyForDeploymentPostprocessing = 0; };
73EBF6644258C120893E685D = { isa = XCBuildConfiguration; buildSettings = {SWIFT_VERSION = "5.0"; MACOSX_DEPLOYMENT_TARGET = "14.0"; SDKROOT = "macosx"; CLANG_ENABLE_MODULES = "YES"; ONLY_ACTIVE_ARCH = "YES"; SWIFT_OPTIMIZATION_LEVEL = "-Onone"; SWIFT_ACTIVE_COMPILATION_CONDITIONS = "DEBUG";}; name = Debug; };
BE8ABCCC5FF5AE9B87405D05 = { isa = XCBuildConfiguration; buildSettings = {SWIFT_VERSION = "5.0"; MACOSX_DEPLOYMENT_TARGET = "14.0"; SDKROOT = "macosx"; CLANG_ENABLE_MODULES = "YES"; ONLY_ACTIVE_ARCH = "YES"; SWIFT_OPTIMIZATION_LEVEL = "-Onone"; SWIFT_ACTIVE_COMPILATION_CONDITIONS = "DEBUG";}; name = Local; };
0B0C687DF8B6B8DC790B519C = { isa = XCBuildConfiguration; buildSettings = {SWIFT_VERSION = "5.0"; MACOSX_DEPLOYMENT_TARGET = "14.0"; SDKROOT = "macosx"; CLANG_ENABLE_MODULES = "YES"; ONLY_ACTIVE_ARCH = "NO"; SWIFT_OPTIMIZATION_LEVEL = "-O"; SWIFT_ACTIVE_COMPILATION_CONDITIONS = "";}; name = Release; };
76F8DEC3DFE0BDB465198890 = { isa = XCConfigurationList; buildConfigurations = (73EBF6644258C120893E685D,BE8ABCCC5FF5AE9B87405D05,0B0C687DF8B6B8DC790B519C); defaultConfigurationIsVisible = 0; defaultConfigurationName = Release; };
6C7EFF6369083C8E1F2B1994 = { isa = XCBuildConfiguration; buildSettings = {SWIFT_VERSION = "5.0"; MACOSX_DEPLOYMENT_TARGET = "14.0"; SDKROOT = "macosx"; CLANG_ENABLE_MODULES = "YES"; ONLY_ACTIVE_ARCH = "YES"; TASKIFY_PRODUCT_NAME = "Taskify"; PRODUCT_NAME = "$(TASKIFY_PRODUCT_NAME)"; PRODUCT_BUNDLE_IDENTIFIER = "solife.me.Taskify.Mac"; INFOPLIST_FILE = "Info.plist"; CODE_SIGN_ENTITLEMENTS = "TaskifyMac.entitlements"; CODE_SIGN_STYLE = "Automatic"; ENABLE_HARDENED_RUNTIME = "YES"; SUPPORTED_PLATFORMS = "macosx"; SWIFT_EMIT_LOC_STRINGS = "YES"; LD_RUNPATH_SEARCH_PATHS = "$(inherited) @executable_path/../Frameworks"; COMBINE_HIDPI_IMAGES = "YES"; SWIFT_OPTIMIZATION_LEVEL = "-Onone"; SWIFT_ACTIVE_COMPILATION_CONDITIONS = "DEBUG";}; name = Debug; };
8B532899A50B97230F93176B = { isa = XCBuildConfiguration; buildSettings = {SWIFT_VERSION = "5.0"; MACOSX_DEPLOYMENT_TARGET = "14.0"; SDKROOT = "macosx"; CLANG_ENABLE_MODULES = "YES"; ONLY_ACTIVE_ARCH = "YES"; TASKIFY_PRODUCT_NAME = "Taskify"; PRODUCT_NAME = "$(TASKIFY_PRODUCT_NAME)"; PRODUCT_BUNDLE_IDENTIFIER = "solife.me.Taskify.Mac"; INFOPLIST_FILE = "Info.plist"; CODE_SIGN_ENTITLEMENTS = "TaskifyMac.entitlements"; CODE_SIGN_STYLE = "Automatic"; ENABLE_HARDENED_RUNTIME = "YES"; SUPPORTED_PLATFORMS = "macosx"; SWIFT_EMIT_LOC_STRINGS = "YES"; LD_RUNPATH_SEARCH_PATHS = "$(inherited) @executable_path/../Frameworks"; COMBINE_HIDPI_IMAGES = "YES"; SWIFT_OPTIMIZATION_LEVEL = "-Onone"; SWIFT_ACTIVE_COMPILATION_CONDITIONS = "DEBUG";}; name = Local; };
DD75E2CB1C510A828AC72D96 = { isa = XCBuildConfiguration; buildSettings = {SWIFT_VERSION = "5.0"; MACOSX_DEPLOYMENT_TARGET = "14.0"; SDKROOT = "macosx"; CLANG_ENABLE_MODULES = "YES"; ONLY_ACTIVE_ARCH = "NO"; TASKIFY_PRODUCT_NAME = "Taskify"; PRODUCT_NAME = "$(TASKIFY_PRODUCT_NAME)"; PRODUCT_BUNDLE_IDENTIFIER = "solife.me.Taskify.Mac"; INFOPLIST_FILE = "Info.plist"; CODE_SIGN_ENTITLEMENTS = "TaskifyMac.entitlements"; CODE_SIGN_STYLE = "Automatic"; ENABLE_HARDENED_RUNTIME = "YES"; SUPPORTED_PLATFORMS = "macosx"; SWIFT_EMIT_LOC_STRINGS = "YES"; LD_RUNPATH_SEARCH_PATHS = "$(inherited) @executable_path/../Frameworks"; COMBINE_HIDPI_IMAGES = "YES"; SWIFT_OPTIMIZATION_LEVEL = "-O"; SWIFT_ACTIVE_COMPILATION_CONDITIONS = "";}; name = Release; };
1B672BF3DA427763BF644BE3 = { isa = XCConfigurationList; buildConfigurations = (6C7EFF6369083C8E1F2B1994,8B532899A50B97230F93176B,DD75E2CB1C510A828AC72D96); defaultConfigurationIsVisible = 0; defaultConfigurationName = Release; };
34A04005BCAF206EEC990BD9 = { isa = PBXNativeTarget; buildConfigurationList = 1B672BF3DA427763BF644BE3; buildPhases = (878A52FC5FF6A57D50B7B870,E2AA269EB967A8853A258BFA,41D311A605520FC7B8B9A980); buildRules = (); dependencies = (); name = TaskifyMac; productName = Taskify; productReference = A8792157CB4F27FB949C035F; productType = "com.apple.product-type.application"; packageProductDependencies = (453BB4D9F2B38C95C8C2AC98,7161956CCDE903BD1D4CE915); };
244210E48437B6556980A702 = { isa = PBXProject; attributes = { LastUpgradeCheck = 2700; }; buildConfigurationList = 76F8DEC3DFE0BDB465198890; compatibilityVersion = "Xcode 14.0"; developmentRegion = en; knownRegions = (en,Base); mainGroup = AD936FCBED631FA67E05C3EA; packageReferences = (BC4A71180870F7945155FBB0); projectDirPath = ""; projectRoot = ""; targets = (34A04005BCAF206EEC990BD9); };
}; rootObject = 244210E48437B6556980A702; }
