// !$*UTF8*$!
{
	archiveVersion = 1;
	classes = {};
	objectVersion = 71;
	objects = {

/* Begin PBXBuildFile section */
		B00000000000000000000101 /* TaskifyNativeApp.swift in Sources */ = {isa = PBXBuildFile; fileRef = B00000000000000000000201 /* TaskifyNativeApp.swift */; };
		B00000000000000000000102 /* AppModel.swift in Sources */ = {isa = PBXBuildFile; fileRef = B00000000000000000000202 /* AppModel.swift */; };
		B00000000000000000000103 /* RootTabView.swift in Sources */ = {isa = PBXBuildFile; fileRef = B00000000000000000000203 /* RootTabView.swift */; };
		B00000000000000000000104 /* TaskifyTheme.swift in Sources */ = {isa = PBXBuildFile; fileRef = B00000000000000000000204 /* TaskifyTheme.swift */; };
		B00000000000000000000105 /* BoardsView.swift in Sources */ = {isa = PBXBuildFile; fileRef = B00000000000000000000205 /* BoardsView.swift */; };
		B00000000000000000000106 /* UpcomingView.swift in Sources */ = {isa = PBXBuildFile; fileRef = B00000000000000000000206 /* UpcomingView.swift */; };
		B00000000000000000000107 /* SettingsView.swift in Sources */ = {isa = PBXBuildFile; fileRef = B00000000000000000000207 /* SettingsView.swift */; };
		B00000000000000000000108 /* MigrationPlaceholderView.swift in Sources */ = {isa = PBXBuildFile; fileRef = B00000000000000000000208 /* MigrationPlaceholderView.swift */; };
		B00000000000000000000109 /* KeychainIdentityStore.swift in Sources */ = {isa = PBXBuildFile; fileRef = B00000000000000000000209 /* KeychainIdentityStore.swift */; };
		B00000000000000000000110 /* TaskEditorView.swift in Sources */ = {isa = PBXBuildFile; fileRef = B00000000000000000000210 /* TaskEditorView.swift */; };
		B00000000000000000000111 /* TaskNotificationCoordinator.swift in Sources */ = {isa = PBXBuildFile; fileRef = B00000000000000000000211 /* TaskNotificationCoordinator.swift */; };
		B00000000000000000000112 /* Assets.xcassets in Resources */ = {isa = PBXBuildFile; fileRef = B00000000000000000000212 /* Assets.xcassets */; };
		B00000000000000000000113 /* TaskMediaView.swift in Sources */ = {isa = PBXBuildFile; fileRef = B00000000000000000000213 /* TaskMediaView.swift */; };
		B00000000000000000000114 /* TaskAttachmentUploadService.swift in Sources */ = {isa = PBXBuildFile; fileRef = B00000000000000000000214 /* TaskAttachmentUploadService.swift */; };
		B00000000000000000000115 /* DeviceCalendarStore.swift in Sources */ = {isa = PBXBuildFile; fileRef = B00000000000000000000215 /* DeviceCalendarStore.swift */; };
		B00000000000000000000116 /* TaskifyBackgroundSyncCoordinator.swift in Sources */ = {isa = PBXBuildFile; fileRef = B00000000000000000000216 /* TaskifyBackgroundSyncCoordinator.swift */; };
		B00000000000000000000117 /* TaskShareSheet.swift in Sources */ = {isa = PBXBuildFile; fileRef = B00000000000000000000218 /* TaskShareSheet.swift */; };
		B00000000000000000000118 /* ContactsView.swift in Sources */ = {isa = PBXBuildFile; fileRef = B00000000000000000000219 /* ContactsView.swift */; };
		B00000000000000000000119 /* ChatView.swift in Sources */ = {isa = PBXBuildFile; fileRef = B00000000000000000000221 /* ChatView.swift */; };
		B00000000000000000000120 /* TaskifyCore in Frameworks */ = {isa = PBXBuildFile; productRef = B00000000000000000000601 /* TaskifyCore */; };
		B00000000000000000000121 /* WalletView.swift in Sources */ = {isa = PBXBuildFile; fileRef = B00000000000000000000222 /* WalletView.swift */; };
/* End PBXBuildFile section */

/* Begin PBXFileReference section */
		B00000000000000000000201 /* TaskifyNativeApp.swift */ = {isa = PBXFileReference; lastKnownFileType = sourcecode.swift; path = Sources/TaskifyApp/App/TaskifyNativeApp.swift; sourceTree = SOURCE_ROOT; };
		B00000000000000000000202 /* AppModel.swift */ = {isa = PBXFileReference; lastKnownFileType = sourcecode.swift; path = Sources/TaskifyApp/App/AppModel.swift; sourceTree = SOURCE_ROOT; };
		B00000000000000000000203 /* RootTabView.swift */ = {isa = PBXFileReference; lastKnownFileType = sourcecode.swift; path = Sources/TaskifyApp/App/RootTabView.swift; sourceTree = SOURCE_ROOT; };
		B00000000000000000000204 /* TaskifyTheme.swift */ = {isa = PBXFileReference; lastKnownFileType = sourcecode.swift; path = Sources/TaskifyApp/DesignSystem/TaskifyTheme.swift; sourceTree = SOURCE_ROOT; };
		B00000000000000000000205 /* BoardsView.swift */ = {isa = PBXFileReference; lastKnownFileType = sourcecode.swift; path = Sources/TaskifyApp/Features/Boards/BoardsView.swift; sourceTree = SOURCE_ROOT; };
		B00000000000000000000206 /* UpcomingView.swift */ = {isa = PBXFileReference; lastKnownFileType = sourcecode.swift; path = Sources/TaskifyApp/Features/Upcoming/UpcomingView.swift; sourceTree = SOURCE_ROOT; };
		B00000000000000000000207 /* SettingsView.swift */ = {isa = PBXFileReference; lastKnownFileType = sourcecode.swift; path = Sources/TaskifyApp/Features/Settings/SettingsView.swift; sourceTree = SOURCE_ROOT; };
		B00000000000000000000208 /* MigrationPlaceholderView.swift */ = {isa = PBXFileReference; lastKnownFileType = sourcecode.swift; path = Sources/TaskifyApp/Features/Placeholder/MigrationPlaceholderView.swift; sourceTree = SOURCE_ROOT; };
		B00000000000000000000209 /* KeychainIdentityStore.swift */ = {isa = PBXFileReference; lastKnownFileType = sourcecode.swift; path = Sources/TaskifyApp/Security/KeychainIdentityStore.swift; sourceTree = SOURCE_ROOT; };
		B00000000000000000000210 /* TaskEditorView.swift */ = {isa = PBXFileReference; lastKnownFileType = sourcecode.swift; path = Sources/TaskifyApp/Features/Tasks/TaskEditorView.swift; sourceTree = SOURCE_ROOT; };
		B00000000000000000000211 /* TaskNotificationCoordinator.swift */ = {isa = PBXFileReference; lastKnownFileType = sourcecode.swift; path = Sources/TaskifyApp/Notifications/TaskNotificationCoordinator.swift; sourceTree = SOURCE_ROOT; };
		B00000000000000000000212 /* Assets.xcassets */ = {isa = PBXFileReference; lastKnownFileType = folder.assetcatalog; path = Sources/TaskifyApp/Resources/Assets.xcassets; sourceTree = SOURCE_ROOT; };
		B00000000000000000000213 /* TaskMediaView.swift */ = {isa = PBXFileReference; lastKnownFileType = sourcecode.swift; path = Sources/TaskifyApp/Features/Tasks/TaskMediaView.swift; sourceTree = SOURCE_ROOT; };
		B00000000000000000000214 /* TaskAttachmentUploadService.swift */ = {isa = PBXFileReference; lastKnownFileType = sourcecode.swift; path = Sources/TaskifyApp/Features/Tasks/TaskAttachmentUploadService.swift; sourceTree = SOURCE_ROOT; };
		B00000000000000000000215 /* DeviceCalendarStore.swift */ = {isa = PBXFileReference; lastKnownFileType = sourcecode.swift; path = Sources/TaskifyApp/Features/Upcoming/DeviceCalendarStore.swift; sourceTree = SOURCE_ROOT; };
		B00000000000000000000216 /* TaskifyBackgroundSyncCoordinator.swift */ = {isa = PBXFileReference; lastKnownFileType = sourcecode.swift; path = Sources/TaskifyApp/App/TaskifyBackgroundSyncCoordinator.swift; sourceTree = SOURCE_ROOT; };
		B00000000000000000000217 /* Info.plist */ = {isa = PBXFileReference; lastKnownFileType = text.plist.xml; path = Sources/TaskifyApp/Resources/Info.plist; sourceTree = SOURCE_ROOT; };
		B00000000000000000000218 /* TaskShareSheet.swift */ = {isa = PBXFileReference; lastKnownFileType = sourcecode.swift; path = Sources/TaskifyApp/Features/Tasks/TaskShareSheet.swift; sourceTree = SOURCE_ROOT; };
		B00000000000000000000219 /* ContactsView.swift */ = {isa = PBXFileReference; lastKnownFileType = sourcecode.swift; path = Sources/TaskifyApp/Features/Contacts/ContactsView.swift; sourceTree = SOURCE_ROOT; };
		B00000000000000000000220 /* TaskifyNative.app */ = {isa = PBXFileReference; explicitFileType = wrapper.application; includeInIndex = 0; path = TaskifyNative.app; sourceTree = BUILT_PRODUCTS_DIR; };
		B00000000000000000000221 /* ChatView.swift */ = {isa = PBXFileReference; lastKnownFileType = sourcecode.swift; path = Sources/TaskifyApp/Features/Contacts/ChatView.swift; sourceTree = SOURCE_ROOT; };
		B00000000000000000000222 /* WalletView.swift */ = {isa = PBXFileReference; lastKnownFileType = sourcecode.swift; path = Sources/TaskifyApp/Features/Wallet/WalletView.swift; sourceTree = SOURCE_ROOT; };
/* End PBXFileReference section */

/* Begin PBXFrameworksBuildPhase section */
		B00000000000000000000301 /* Frameworks */ = {isa = PBXFrameworksBuildPhase; buildActionMask = 2147483647; files = (B00000000000000000000120 /* TaskifyCore in Frameworks */,); runOnlyForDeploymentPostprocessing = 0; };
/* End PBXFrameworksBuildPhase section */

/* Begin PBXGroup section */
		B00000000000000000000401 = {isa = PBXGroup; children = (B00000000000000000000402 /* App Sources */, B00000000000000000000403 /* Products */,); sourceTree = "<group>"; };
		B00000000000000000000402 /* App Sources */ = {isa = PBXGroup; children = (B00000000000000000000201, B00000000000000000000202, B00000000000000000000203, B00000000000000000000204, B00000000000000000000205, B00000000000000000000206, B00000000000000000000207, B00000000000000000000208, B00000000000000000000209, B00000000000000000000210, B00000000000000000000211, B00000000000000000000212, B00000000000000000000213, B00000000000000000000214, B00000000000000000000215, B00000000000000000000216, B00000000000000000000217, B00000000000000000000218, B00000000000000000000219, B00000000000000000000221, B00000000000000000000222,); name = "App Sources"; sourceTree = "<group>"; };
		B00000000000000000000403 /* Products */ = {isa = PBXGroup; children = (B00000000000000000000220 /* TaskifyNative.app */,); name = Products; sourceTree = "<group>"; };
/* End PBXGroup section */

/* Begin PBXNativeTarget section */
		B00000000000000000000501 /* TaskifyNative */ = {isa = PBXNativeTarget; buildConfigurationList = B00000000000000000000801; buildPhases = (B00000000000000000000302 /* Sources */, B00000000000000000000301 /* Frameworks */, B00000000000000000000303 /* Resources */, B00000000000000000000304 /* Generate CashuDevKitFFI dSYM */,); buildRules = (); dependencies = (); name = TaskifyNative; packageProductDependencies = (B00000000000000000000601 /* TaskifyCore */,); productName = TaskifyNative; productReference = B00000000000000000000220 /* TaskifyNative.app */; productType = "com.apple.product-type.application"; };
/* End PBXNativeTarget section */

/* Begin PBXProject section */
		B00000000000000000000500 /* Project object */ = {isa = PBXProject; attributes = {BuildIndependentTargetsInParallel = 1; LastSwiftUpdateCheck = 2600; LastUpgradeCheck = 2600; TargetAttributes = {B00000000000000000000501 = {CreatedOnToolsVersion = 26.3;};};}; buildConfigurationList = B00000000000000000000800; compatibilityVersion = "Xcode 16.0"; developmentRegion = en; hasScannedForEncodings = 0; knownRegions = (en, Base,); mainGroup = B00000000000000000000401; packageReferences = (B00000000000000000000600 /* Local package */,); productRefGroup = B00000000000000000000403; projectDirPath = ""; projectRoot = ""; targets = (B00000000000000000000501 /* TaskifyNative */,); };
/* End PBXProject section */

/* Begin PBXResourcesBuildPhase section */
		B00000000000000000000303 /* Resources */ = {isa = PBXResourcesBuildPhase; buildActionMask = 2147483647; files = (B00000000000000000000112 /* Assets.xcassets in Resources */,); runOnlyForDeploymentPostprocessing = 0; };
/* End PBXResourcesBuildPhase section */

/* Begin PBXShellScriptBuildPhase section */
		B00000000000000000000304 /* Generate CashuDevKitFFI dSYM */ = {isa = PBXShellScriptBuildPhase; alwaysOutOfDate = 1; buildActionMask = 2147483647; files = (); inputFileListPaths = (); inputPaths = (); name = "Generate CashuDevKitFFI dSYM"; outputFileListPaths = (); outputPaths = (); runOnlyForDeploymentPostprocessing = 0; shellPath = /bin/sh; shellScript = "/bin/sh \"${SRCROOT}/Scripts/generate-cashudevkit-dsym.sh\"\n"; showEnvVarsInLog = 0; };
/* End PBXShellScriptBuildPhase section */

/* Begin PBXSourcesBuildPhase section */
		B00000000000000000000302 /* Sources */ = {isa = PBXSourcesBuildPhase; buildActionMask = 2147483647; files = (B00000000000000000000101, B00000000000000000000102, B00000000000000000000103, B00000000000000000000104, B00000000000000000000105, B00000000000000000000106, B00000000000000000000107, B00000000000000000000108, B00000000000000000000109, B00000000000000000000110, B00000000000000000000111, B00000000000000000000113, B00000000000000000000114, B00000000000000000000115, B00000000000000000000116, B00000000000000000000117, B00000000000000000000118, B00000000000000000000119, B00000000000000000000121,); runOnlyForDeploymentPostprocessing = 0; };
/* End PBXSourcesBuildPhase section */

/* Begin XCBuildConfiguration section */
		B00000000000000000000700 /* Debug */ = {isa = XCBuildConfiguration; buildSettings = {ASSETCATALOG_COMPILER_APPICON_NAME = AppIcon; CODE_SIGN_STYLE = Automatic; CURRENT_PROJECT_VERSION = 1; ENABLE_PREVIEWS = YES; GENERATE_INFOPLIST_FILE = NO; INFOPLIST_FILE = Sources/TaskifyApp/Resources/Info.plist; IPHONEOS_DEPLOYMENT_TARGET = 17.5; LD_RUNPATH_SEARCH_PATHS = ("$(inherited)", "@executable_path/Frameworks",); MARKETING_VERSION = 0.1; PRODUCT_BUNDLE_IDENTIFIER = solife.me.Taskify.Native; PRODUCT_NAME = "$(TARGET_NAME)"; SDKROOT = iphoneos; SUPPORTED_PLATFORMS = "iphoneos iphonesimulator"; SWIFT_EMIT_LOC_STRINGS = YES; SWIFT_VERSION = 5.0; TARGETED_DEVICE_FAMILY = 1; }; name = Debug; };
		B00000000000000000000701 /* Release */ = {isa = XCBuildConfiguration; buildSettings = {ASSETCATALOG_COMPILER_APPICON_NAME = AppIcon; CODE_SIGN_STYLE = Automatic; CURRENT_PROJECT_VERSION = 1; ENABLE_PREVIEWS = YES; GENERATE_INFOPLIST_FILE = NO; INFOPLIST_FILE = Sources/TaskifyApp/Resources/Info.plist; IPHONEOS_DEPLOYMENT_TARGET = 17.5; LD_RUNPATH_SEARCH_PATHS = ("$(inherited)", "@executable_path/Frameworks",); MARKETING_VERSION = 0.1; PRODUCT_BUNDLE_IDENTIFIER = solife.me.Taskify.Native; PRODUCT_NAME = "$(TARGET_NAME)"; SDKROOT = iphoneos; SUPPORTED_PLATFORMS = "iphoneos iphonesimulator"; SWIFT_EMIT_LOC_STRINGS = YES; SWIFT_VERSION = 5.0; TARGETED_DEVICE_FAMILY = 1; }; name = Release; };
		B00000000000000000000710 /* Debug */ = {isa = XCBuildConfiguration; buildSettings = {ALWAYS_SEARCH_USER_PATHS = NO; CLANG_ENABLE_MODULES = YES; CLANG_ENABLE_OBJC_ARC = YES; COPY_PHASE_STRIP = NO; DEBUG_INFORMATION_FORMAT = dwarf; DEVELOPMENT_TEAM = JUH98962T7; ENABLE_TESTABILITY = YES; GCC_C_LANGUAGE_STANDARD = gnu17; GCC_OPTIMIZATION_LEVEL = 0; ONLY_ACTIVE_ARCH = YES; SWIFT_ACTIVE_COMPILATION_CONDITIONS = "DEBUG $(inherited)"; SWIFT_OPTIMIZATION_LEVEL = "-Onone"; }; name = Debug; };
		B00000000000000000000711 /* Release */ = {isa = XCBuildConfiguration; buildSettings = {ALWAYS_SEARCH_USER_PATHS = NO; CLANG_ENABLE_MODULES = YES; CLANG_ENABLE_OBJC_ARC = YES; COPY_PHASE_STRIP = NO; DEBUG_INFORMATION_FORMAT = "dwarf-with-dsym"; DEVELOPMENT_TEAM = JUH98962T7; GCC_C_LANGUAGE_STANDARD = gnu17; SWIFT_COMPILATION_MODE = wholemodule; }; name = Release; };
/* End XCBuildConfiguration section */

/* Begin XCConfigurationList section */
		B00000000000000000000800 = {isa = XCConfigurationList; buildConfigurations = (B00000000000000000000710, B00000000000000000000711,); defaultConfigurationIsVisible = 0; defaultConfigurationName = Release; };
		B00000000000000000000801 = {isa = XCConfigurationList; buildConfigurations = (B00000000000000000000700, B00000000000000000000701,); defaultConfigurationIsVisible = 0; defaultConfigurationName = Release; };
/* End XCConfigurationList section */

/* Begin XCLocalSwiftPackageReference section */
		B00000000000000000000600 /* Local package */ = {isa = XCLocalSwiftPackageReference; relativePath = ""; };
/* End XCLocalSwiftPackageReference section */

/* Begin XCSwiftPackageProductDependency section */
		B00000000000000000000601 /* TaskifyCore */ = {isa = XCSwiftPackageProductDependency; package = B00000000000000000000600; productName = TaskifyCore; };
/* End XCSwiftPackageProductDependency section */
	};
	rootObject = B00000000000000000000500 /* Project object */;
}
